// !$*UTF8*$!
{
	archiveVersion = 1;
	classes = {
	};
	objectVersion = 46;
	objects = {

/* Begin PBXBuildFile section */
		540424EA1C667445002F77B9 /* Parties.plist in Resources */ = {isa = PBXBuildFile; fileRef = 540424E91C667445002F77B9 /* Parties.plist */; };
		546A501E1C63DE00004C36E5 /* PMRParty.m in Sources */ = {isa = PBXBuildFile; fileRef = 546A501D1C63DE00004C36E5 /* PMRParty.m */; };
		83E217CA1C6220E000C8BF08 /* main.m in Sources */ = {isa = PBXBuildFile; fileRef = 83E217C91C6220E000C8BF08 /* main.m */; };
		83E217CD1C6220E000C8BF08 /* PMRAppDelegate.m in Sources */ = {isa = PBXBuildFile; fileRef = 83E217CC1C6220E000C8BF08 /* PMRAppDelegate.m */; };
		83E217D01C6220E000C8BF08 /* PMRRootViewController.m in Sources */ = {isa = PBXBuildFile; fileRef = 83E217CF1C6220E000C8BF08 /* PMRRootViewController.m */; };
		83E217D31C6220E000C8BF08 /* Main.storyboard in Resources */ = {isa = PBXBuildFile; fileRef = 83E217D11C6220E000C8BF08 /* Main.storyboard */; };
		83E217D51C6220E000C8BF08 /* Assets.xcassets in Resources */ = {isa = PBXBuildFile; fileRef = 83E217D41C6220E000C8BF08 /* Assets.xcassets */; };
		83E217D81C6220E000C8BF08 /* LaunchScreen.storyboard in Resources */ = {isa = PBXBuildFile; fileRef = 83E217D61C6220E000C8BF08 /* LaunchScreen.storyboard */; };
		83E217EA1C62286900C8BF08 /* PMRMainViewController.m in Sources */ = {isa = PBXBuildFile; fileRef = 83E217E91C62286900C8BF08 /* PMRMainViewController.m */; };
		83E74DEE1C6355E400B0D255 /* MyriadProBold.ttf in Resources */ = {isa = PBXBuildFile; fileRef = 83E74DEC1C6355E400B0D255 /* MyriadProBold.ttf */; };
		83E74DEF1C6355E400B0D255 /* MyriadProRegular.ttf in Resources */ = {isa = PBXBuildFile; fileRef = 83E74DED1C6355E400B0D255 /* MyriadProRegular.ttf */; };
		83F7E9BE1C68A6E800243A5F /* AssetCatalog.xcassets in Resources */ = {isa = PBXBuildFile; fileRef = 83F7E9BD1C68A6E800243A5F /* AssetCatalog.xcassets */; };
		83F7E9C01C68A89C00243A5F /* View.xib in Resources */ = {isa = PBXBuildFile; fileRef = 83F7E9BF1C68A89C00243A5F /* View.xib */; };
		83F7E9CE1C68B91D00243A5F /* PMRAddEventViewController.m in Sources */ = {isa = PBXBuildFile; fileRef = 83F7E9CC1C68B91D00243A5F /* PMRAddEventViewController.m */; };
		83F7E9CF1C68B91D00243A5F /* PMRAddEventViewController.xib in Resources */ = {isa = PBXBuildFile; fileRef = 83F7E9CD1C68B91D00243A5F /* PMRAddEventViewController.xib */; };
/* End PBXBuildFile section */

/* Begin PBXFileReference section */
		540424E91C667445002F77B9 /* Parties.plist */ = {isa = PBXFileReference; fileEncoding = 4; lastKnownFileType = text.plist.xml; path = Parties.plist; sourceTree = "<group>"; };
		546A501C1C63DE00004C36E5 /* PMRParty.h */ = {isa = PBXFileReference; fileEncoding = 4; lastKnownFileType = sourcecode.c.h; path = PMRParty.h; sourceTree = "<group>"; };
		546A501D1C63DE00004C36E5 /* PMRParty.m */ = {isa = PBXFileReference; fileEncoding = 4; lastKnownFileType = sourcecode.c.objc; path = PMRParty.m; sourceTree = "<group>"; };
		83E217C51C6220E000C8BF08 /* PartyMaker.app */ = {isa = PBXFileReference; explicitFileType = wrapper.application; includeInIndex = 0; path = PartyMaker.app; sourceTree = BUILT_PRODUCTS_DIR; };
		83E217C91C6220E000C8BF08 /* main.m */ = {isa = PBXFileReference; lastKnownFileType = sourcecode.c.objc; path = main.m; sourceTree = "<group>"; };
		83E217CB1C6220E000C8BF08 /* PMRAppDelegate.h */ = {isa = PBXFileReference; lastKnownFileType = sourcecode.c.h; path = PMRAppDelegate.h; sourceTree = "<group>"; };
		83E217CC1C6220E000C8BF08 /* PMRAppDelegate.m */ = {isa = PBXFileReference; lastKnownFileType = sourcecode.c.objc; path = PMRAppDelegate.m; sourceTree = "<group>"; };
		83E217CE1C6220E000C8BF08 /* PMRRootViewController.h */ = {isa = PBXFileReference; lastKnownFileType = sourcecode.c.h; path = PMRRootViewController.h; sourceTree = "<group>"; };
		83E217CF1C6220E000C8BF08 /* PMRRootViewController.m */ = {isa = PBXFileReference; lastKnownFileType = sourcecode.c.objc; path = PMRRootViewController.m; sourceTree = "<group>"; };
		83E217D21C6220E000C8BF08 /* Base */ = {isa = PBXFileReference; lastKnownFileType = file.storyboard; name = Base; path = Base.lproj/Main.storyboard; sourceTree = "<group>"; };
		83E217D41C6220E000C8BF08 /* Assets.xcassets */ = {isa = PBXFileReference; lastKnownFileType = folder.assetcatalog; path = Assets.xcassets; sourceTree = "<group>"; };
		83E217D71C6220E000C8BF08 /* Base */ = {isa = PBXFileReference; lastKnownFileType = file.storyboard; name = Base; path = Base.lproj/LaunchScreen.storyboard; sourceTree = "<group>"; };
		83E217D91C6220E000C8BF08 /* Info.plist */ = {isa = PBXFileReference; lastKnownFileType = text.plist.xml; path = Info.plist; sourceTree = "<group>"; };
		83E217E81C62286900C8BF08 /* PMRMainViewController.h */ = {isa = PBXFileReference; fileEncoding = 4; lastKnownFileType = sourcecode.c.h; path = PMRMainViewController.h; sourceTree = "<group>"; };
		83E217E91C62286900C8BF08 /* PMRMainViewController.m */ = {isa = PBXFileReference; fileEncoding = 4; lastKnownFileType = sourcecode.c.objc; path = PMRMainViewController.m; sourceTree = "<group>"; };
		83E74DEC1C6355E400B0D255 /* MyriadProBold.ttf */ = {isa = PBXFileReference; lastKnownFileType = file; path = MyriadProBold.ttf; sourceTree = "<group>"; };
		83E74DED1C6355E400B0D255 /* MyriadProRegular.ttf */ = {isa = PBXFileReference; lastKnownFileType = file; path = MyriadProRegular.ttf; sourceTree = "<group>"; };
		83F7E9BD1C68A6E800243A5F /* AssetCatalog.xcassets */ = {isa = PBXFileReference; lastKnownFileType = folder.assetcatalog; path = AssetCatalog.xcassets; sourceTree = "<group>"; };
		83F7E9BF1C68A89C00243A5F /* View.xib */ = {isa = PBXFileReference; fileEncoding = 4; lastKnownFileType = file.xib; path = View.xib; sourceTree = "<group>"; };
		83F7E9CB1C68B91D00243A5F /* PMRAddEventViewController.h */ = {isa = PBXFileReference; fileEncoding = 4; lastKnownFileType = sourcecode.c.h; path = PMRAddEventViewController.h; sourceTree = "<group>"; };
		83F7E9CC1C68B91D00243A5F /* PMRAddEventViewController.m */ = {isa = PBXFileReference; fileEncoding = 4; lastKnownFileType = sourcecode.c.objc; path = PMRAddEventViewController.m; sourceTree = "<group>"; };
		83F7E9CD1C68B91D00243A5F /* PMRAddEventViewController.xib */ = {isa = PBXFileReference; fileEncoding = 4; lastKnownFileType = file.xib; path = PMRAddEventViewController.xib; sourceTree = "<group>"; };
/* End PBXFileReference section */

/* Begin PBXFrameworksBuildPhase section */
		83E217C21C6220E000C8BF08 /* Frameworks */ = {
			isa = PBXFrameworksBuildPhase;
			buildActionMask = 2147483647;
			files = (
			);
			runOnlyForDeploymentPostprocessing = 0;
		};
/* End PBXFrameworksBuildPhase section */

/* Begin PBXGroup section */
		540424EB1C6693D9002F77B9 /* Model */ = {
			isa = PBXGroup;
			children = (
				546A501C1C63DE00004C36E5 /* PMRParty.h */,
				546A501D1C63DE00004C36E5 /* PMRParty.m */,
			);
			name = Model;
			sourceTree = "<group>";
		};
		540424EC1C6693E2002F77B9 /* ViewControllers */ = {
			isa = PBXGroup;
			children = (
				83E217E81C62286900C8BF08 /* PMRMainViewController.h */,
				83E217E91C62286900C8BF08 /* PMRMainViewController.m */,
				83E217CE1C6220E000C8BF08 /* PMRRootViewController.h */,
				83E217CF1C6220E000C8BF08 /* PMRRootViewController.m */,
				83F7E9CB1C68B91D00243A5F /* PMRAddEventViewController.h */,
				83F7E9CC1C68B91D00243A5F /* PMRAddEventViewController.m */,
				83F7E9CD1C68B91D00243A5F /* PMRAddEventViewController.xib */,
			);
			name = ViewControllers;
			sourceTree = "<group>";
		};
		540424ED1C66942E002F77B9 /* Storyboards */ = {
			isa = PBXGroup;
			children = (
				83E217D11C6220E000C8BF08 /* Main.storyboard */,
				83E217D61C6220E000C8BF08 /* LaunchScreen.storyboard */,
			);
			name = Storyboards;
			sourceTree = "<group>";
		};
		83E217BC1C6220E000C8BF08 = {
			isa = PBXGroup;
			children = (
				83E217C71C6220E000C8BF08 /* PartyMaker */,
				83E217C61C6220E000C8BF08 /* Products */,
			);
			sourceTree = "<group>";
		};
		83E217C61C6220E000C8BF08 /* Products */ = {
			isa = PBXGroup;
			children = (
				83E217C51C6220E000C8BF08 /* PartyMaker.app */,
			);
			name = Products;
			sourceTree = "<group>";
		};
		83E217C71C6220E000C8BF08 /* PartyMaker */ = {
			isa = PBXGroup;
			children = (
				540424EB1C6693D9002F77B9 /* Model */,
				83E74DEB1C63508D00B0D255 /* Fonts */,
				540424ED1C66942E002F77B9 /* Storyboards */,
				540424EC1C6693E2002F77B9 /* ViewControllers */,
				83E217CB1C6220E000C8BF08 /* PMRAppDelegate.h */,
				83E217CC1C6220E000C8BF08 /* PMRAppDelegate.m */,
				83E217D41C6220E000C8BF08 /* Assets.xcassets */,
				83E217D91C6220E000C8BF08 /* Info.plist */,
				83E217C81C6220E000C8BF08 /* Supporting Files */,
				540424E91C667445002F77B9 /* Parties.plist */,
				83F7E9BD1C68A6E800243A5F /* AssetCatalog.xcassets */,
				83F7E9BF1C68A89C00243A5F /* View.xib */,
			);
			path = PartyMaker;
			sourceTree = "<group>";
		};
		83E217C81C6220E000C8BF08 /* Supporting Files */ = {
			isa = PBXGroup;
			children = (
				83E217C91C6220E000C8BF08 /* main.m */,
			);
			name = "Supporting Files";
			sourceTree = "<group>";
		};
		83E74DEB1C63508D00B0D255 /* Fonts */ = {
			isa = PBXGroup;
			children = (
				83E74DEC1C6355E400B0D255 /* MyriadProBold.ttf */,
				83E74DED1C6355E400B0D255 /* MyriadProRegular.ttf */,
			);
			name = Fonts;
			sourceTree = "<group>";
		};
/* End PBXGroup section */

/* Begin PBXNativeTarget section */
		83E217C41C6220E000C8BF08 /* PartyMaker */ = {
			isa = PBXNativeTarget;
			buildConfigurationList = 83E217DC1C6220E000C8BF08 /* Build configuration list for PBXNativeTarget "PartyMaker" */;
			buildPhases = (
				83E217C11C6220E000C8BF08 /* Sources */,
				83E217C21C6220E000C8BF08 /* Frameworks */,
				83E217C31C6220E000C8BF08 /* Resources */,
			);
			buildRules = (
			);
			dependencies = (
			);
			name = PartyMaker;
			productName = PartyMaker;
			productReference = 83E217C51C6220E000C8BF08 /* PartyMaker.app */;
			productType = "com.apple.product-type.application";
		};
/* End PBXNativeTarget section */

/* Begin PBXProject section */
		83E217BD1C6220E000C8BF08 /* Project object */ = {
			isa = PBXProject;
			attributes = {
				LastUpgradeCheck = 0720;
				ORGANIZATIONNAME = "Maksim Stecenko";
				TargetAttributes = {
					83E217C41C6220E000C8BF08 = {
						CreatedOnToolsVersion = 7.2;
					};
				};
			};
			buildConfigurationList = 83E217C01C6220E000C8BF08 /* Build configuration list for PBXProject "PartyMaker" */;
			compatibilityVersion = "Xcode 3.2";
			developmentRegion = English;
			hasScannedForEncodings = 0;
			knownRegions = (
				en,
				Base,
			);
			mainGroup = 83E217BC1C6220E000C8BF08;
			productRefGroup = 83E217C61C6220E000C8BF08 /* Products */;
			projectDirPath = "";
			projectRoot = "";
			targets = (
				83E217C41C6220E000C8BF08 /* PartyMaker */,
			);
		};
/* End PBXProject section */

/* Begin PBXResourcesBuildPhase section */
		83E217C31C6220E000C8BF08 /* Resources */ = {
			isa = PBXResourcesBuildPhase;
			buildActionMask = 2147483647;
			files = (
				83F7E9BE1C68A6E800243A5F /* AssetCatalog.xcassets in Resources */,
				83E217D81C6220E000C8BF08 /* LaunchScreen.storyboard in Resources */,
				83E74DEE1C6355E400B0D255 /* MyriadProBold.ttf in Resources */,
				83E217D51C6220E000C8BF08 /* Assets.xcassets in Resources */,
				83F7E9CF1C68B91D00243A5F /* PMRAddEventViewController.xib in Resources */,
				83F7E9C01C68A89C00243A5F /* View.xib in Resources */,
				83E217D31C6220E000C8BF08 /* Main.storyboard in Resources */,
				83E74DEF1C6355E400B0D255 /* MyriadProRegular.ttf in Resources */,
				540424EA1C667445002F77B9 /* Parties.plist in Resources */,
			);
			runOnlyForDeploymentPostprocessing = 0;
		};
/* End PBXResourcesBuildPhase section */

/* Begin PBXSourcesBuildPhase section */
		83E217C11C6220E000C8BF08 /* Sources */ = {
			isa = PBXSourcesBuildPhase;
			buildActionMask = 2147483647;
			files = (
				546A501E1C63DE00004C36E5 /* PMRParty.m in Sources */,
				83F7E9CE1C68B91D00243A5F /* PMRAddEventViewController.m in Sources */,
				83E217D01C6220E000C8BF08 /* PMRRootViewController.m in Sources */,
				83E217CD1C6220E000C8BF08 /* PMRAppDelegate.m in Sources */,
				83E217CA1C6220E000C8BF08 /* main.m in Sources */,
				83E217EA1C62286900C8BF08 /* PMRMainViewController.m in Sources */,
			);
			runOnlyForDeploymentPostprocessing = 0;
		};
/* End PBXSourcesBuildPhase section */

/* Begin PBXVariantGroup section */
		83E217D11C6220E000C8BF08 /* Main.storyboard */ = {
			isa = PBXVariantGroup;
			children = (
				83E217D21C6220E000C8BF08 /* Base */,
			);
			name = Main.storyboard;
			sourceTree = "<group>";
		};
		83E217D61C6220E000C8BF08 /* LaunchScreen.storyboard */ = {
			isa = PBXVariantGroup;
			children = (
				83E217D71C6220E000C8BF08 /* Base */,
			);
			name = LaunchScreen.storyboard;
			sourceTree = "<group>";
		};
/* End PBXVariantGroup section */

/* Begin XCBuildConfiguration section */
		83E217DA1C6220E000C8BF08 /* Debug */ = {
			isa = XCBuildConfiguration;
			buildSettings = {
				ALWAYS_SEARCH_USER_PATHS = NO;
				CLANG_CXX_LANGUAGE_STANDARD = "gnu++0x";
				CLANG_CXX_LIBRARY = "libc++";
				CLANG_ENABLE_MODULES = YES;
				CLANG_ENABLE_OBJC_ARC = YES;
				CLANG_WARN_BOOL_CONVERSION = YES;
				CLANG_WARN_CONSTANT_CONVERSION = YES;
				CLANG_WARN_DIRECT_OBJC_ISA_USAGE = YES_ERROR;
				CLANG_WARN_EMPTY_BODY = YES;
				CLANG_WARN_ENUM_CONVERSION = YES;
				CLANG_WARN_INT_CONVERSION = YES;
				CLANG_WARN_OBJC_ROOT_CLASS = YES_ERROR;
				CLANG_WARN_UNREACHABLE_CODE = YES;
				CLANG_WARN__DUPLICATE_METHOD_MATCH = YES;
				"CODE_SIGN_IDENTITY[sdk=iphoneos*]" = "iPhone Developer";
				COPY_PHASE_STRIP = NO;
				DEBUG_INFORMATION_FORMAT = dwarf;
				ENABLE_STRICT_OBJC_MSGSEND = YES;
				ENABLE_TESTABILITY = YES;
				GCC_C_LANGUAGE_STANDARD = gnu99;
				GCC_DYNAMIC_NO_PIC = NO;
				GCC_NO_COMMON_BLOCKS = YES;
				GCC_OPTIMIZATION_LEVEL = 0;
				GCC_PREPROCESSOR_DEFINITIONS = (
					"DEBUG=1",
					"$(inherited)",
				);
				GCC_WARN_64_TO_32_BIT_CONVERSION = YES;
				GCC_WARN_ABOUT_RETURN_TYPE = YES_ERROR;
				GCC_WARN_UNDECLARED_SELECTOR = YES;
				GCC_WARN_UNINITIALIZED_AUTOS = YES_AGGRESSIVE;
				GCC_WARN_UNUSED_FUNCTION = YES;
				GCC_WARN_UNUSED_VARIABLE = YES;
				IPHONEOS_DEPLOYMENT_TARGET = 9.2;
				MTL_ENABLE_DEBUG_INFO = YES;
				ONLY_ACTIVE_ARCH = YES;
				SDKROOT = iphoneos;
			};
			name = Debug;
		};
		83E217DB1C6220E000C8BF08 /* Release */ = {
			isa = XCBuildConfiguration;
			buildSettings = {
				ALWAYS_SEARCH_USER_PATHS = NO;
				CLANG_CXX_LANGUAGE_STANDARD = "gnu++0x";
				CLANG_CXX_LIBRARY = "libc++";
				CLANG_ENABLE_MODULES = YES;
				CLANG_ENABLE_OBJC_ARC = YES;
				CLANG_WARN_BOOL_CONVERSION = YES;
				CLANG_WARN_CONSTANT_CONVERSION = YES;
				CLANG_WARN_DIRECT_OBJC_ISA_USAGE = YES_ERROR;
				CLANG_WARN_EMPTY_BODY = YES;
				CLANG_WARN_ENUM_CONVERSION = YES;
				CLANG_WARN_INT_CONVERSION = YES;
				CLANG_WARN_OBJC_ROOT_CLASS = YES_ERROR;
				CLANG_WARN_UNREACHABLE_CODE = YES;
				CLANG_WARN__DUPLICATE_METHOD_MATCH = YES;
				"CODE_SIGN_IDENTITY[sdk=iphoneos*]" = "iPhone Developer";
				COPY_PHASE_STRIP = NO;
				DEBUG_INFORMATION_FORMAT = "dwarf-with-dsym";
				ENABLE_NS_ASSERTIONS = NO;
				ENABLE_STRICT_OBJC_MSGSEND = YES;
				GCC_C_LANGUAGE_STANDARD = gnu99;
				GCC_NO_COMMON_BLOCKS = YES;
				GCC_WARN_64_TO_32_BIT_CONVERSION = YES;
				GCC_WARN_ABOUT_RETURN_TYPE = YES_ERROR;
				GCC_WARN_UNDECLARED_SELECTOR = YES;
				GCC_WARN_UNINITIALIZED_AUTOS = YES_AGGRESSIVE;
				GCC_WARN_UNUSED_FUNCTION = YES;
				GCC_WARN_UNUSED_VARIABLE = YES;
				IPHONEOS_DEPLOYMENT_TARGET = 9.2;
				MTL_ENABLE_DEBUG_INFO = NO;
				SDKROOT = iphoneos;
				VALIDATE_PRODUCT = YES;
			};
			name = Release;
		};
		83E217DD1C6220E000C8BF08 /* Debug */ = {
			isa = XCBuildConfiguration;
			buildSettings = {
				ASSETCATALOG_COMPILER_APPICON_NAME = AppIcon;
				INFOPLIST_FILE = PartyMaker/Info.plist;
				LD_RUNPATH_SEARCH_PATHS = "$(inherited) @executable_path/Frameworks";
				PRODUCT_BUNDLE_IDENTIFIER = "-23.PartyMaker";
				PRODUCT_NAME = "$(TARGET_NAME)";
				TARGETED_DEVICE_FAMILY = 1;
			};
			name = Debug;
		};
		83E217DE1C6220E000C8BF08 /* Release */ = {
			isa = XCBuildConfiguration;
			buildSettings = {
				ASSETCATALOG_COMPILER_APPICON_NAME = AppIcon;
				INFOPLIST_FILE = PartyMaker/Info.plist;
				LD_RUNPATH_SEARCH_PATHS = "$(inherited) @executable_path/Frameworks";
				PRODUCT_BUNDLE_IDENTIFIER = "-23.PartyMaker";
				PRODUCT_NAME = "$(TARGET_NAME)";
				TARGETED_DEVICE_FAMILY = 1;
			};
			name = Release;
		};
/* End XCBuildConfiguration section */

/* Begin XCConfigurationList section */
		83E217C01C6220E000C8BF08 /* Build configuration list for PBXProject "PartyMaker" */ = {
			isa = XCConfigurationList;
			buildConfigurations = (
				83E217DA1C6220E000C8BF08 /* Debug */,
				83E217DB1C6220E000C8BF08 /* Release */,
			);
			defaultConfigurationIsVisible = 0;
			defaultConfigurationName = Release;
		};
		83E217DC1C6220E000C8BF08 /* Build configuration list for PBXNativeTarget "PartyMaker" */ = {
			isa = XCConfigurationList;
			buildConfigurations = (
				83E217DD1C6220E000C8BF08 /* Debug */,
				83E217DE1C6220E000C8BF08 /* Release */,
			);
			defaultConfigurationIsVisible = 0;
			defaultConfigurationName = Release;
		};
/* End XCConfigurationList section */
	};
	rootObject = 83E217BD1C6220E000C8BF08 /* Project object */;
}
