// !$*UTF8*$!
{
	archiveVersion = 1;
	classes = {
	};
	objectVersion = 46;
	objects = {

/* Begin PBXBuildFile section */
		540424EA1C667445002F77B9 /* Parties.plist in Resources */ = {isa = PBXBuildFile; fileRef = 540424E91C667445002F77B9 /* Parties.plist */; };
		7623C51180E0CF0363B8976D /* libPods-PartyMaker.a in Frameworks */ = {isa = PBXBuildFile; fileRef = 4F338279C449E153065A3229 /* libPods-PartyMaker.a */; };
		83267E5A1C6DCF1600CC0DC1 /* PMRPartyInfoViewController.m in Sources */ = {isa = PBXBuildFile; fileRef = 83267E591C6DCF1600CC0DC1 /* PMRPartyInfoViewController.m */; };
		83267E5D1C6DD36C00CC0DC1 /* PMRGuid.m in Sources */ = {isa = PBXBuildFile; fileRef = 83267E5C1C6DD36C00CC0DC1 /* PMRGuid.m */; };
		83267E5F1C6E0AD000CC0DC1 /* MyriadProItalic.ttf in Resources */ = {isa = PBXBuildFile; fileRef = 83267E5E1C6E0AD000CC0DC1 /* MyriadProItalic.ttf */; };
		8344C7EF1C70107D00528CC4 /* UIImage+Utility.m in Sources */ = {isa = PBXBuildFile; fileRef = 8344C7EE1C70107D00528CC4 /* UIImage+Utility.m */; };
		8344C7F31C71FA3900528CC4 /* PMRLoginViewController.m in Sources */ = {isa = PBXBuildFile; fileRef = 8344C7F21C71FA3900528CC4 /* PMRLoginViewController.m */; };
		8344C7F61C72138600528CC4 /* Main.storyboard in Resources */ = {isa = PBXBuildFile; fileRef = 8344C7F41C72138600528CC4 /* Main.storyboard */; };
		8344C7FA1C724EB800528CC4 /* PMRTextField.m in Sources */ = {isa = PBXBuildFile; fileRef = 8344C7F91C724EB800528CC4 /* PMRTextField.m */; };
		8344C8001C73310F00528CC4 /* PMRNetworkSDK.m in Sources */ = {isa = PBXBuildFile; fileRef = 8344C7FF1C73310F00528CC4 /* PMRNetworkSDK.m */; };
		8344C8031C74870000528CC4 /* PMRDataModel.xcdatamodeld in Sources */ = {isa = PBXBuildFile; fileRef = 8344C8011C74870000528CC4 /* PMRDataModel.xcdatamodeld */; };
		8344C83A1C75AA6C00528CC4 /* PMRApiController.m in Sources */ = {isa = PBXBuildFile; fileRef = 8344C8391C75AA6C00528CC4 /* PMRApiController.m */; };
		8344C8731C76AB1F00528CC4 /* PMRParty+CoreDataProperties.m in Sources */ = {isa = PBXBuildFile; fileRef = 8344C86C1C76AB1F00528CC4 /* PMRParty+CoreDataProperties.m */; };
		8344C8741C76AB1F00528CC4 /* PMRParty.m in Sources */ = {isa = PBXBuildFile; fileRef = 8344C86E1C76AB1F00528CC4 /* PMRParty.m */; };
		8344C8751C76AB1F00528CC4 /* PMRUser+CoreDataProperties.m in Sources */ = {isa = PBXBuildFile; fileRef = 8344C8701C76AB1F00528CC4 /* PMRUser+CoreDataProperties.m */; };
		8344C8761C76AB1F00528CC4 /* PMRUser.m in Sources */ = {isa = PBXBuildFile; fileRef = 8344C8721C76AB1F00528CC4 /* PMRUser.m */; };
		8344C8791C78F81300528CC4 /* PMRRegisterViewController.m in Sources */ = {isa = PBXBuildFile; fileRef = 8344C8781C78F81300528CC4 /* PMRRegisterViewController.m */; };
		8344C87C1C7A64CD00528CC4 /* PMRPartyMakerNotification.m in Sources */ = {isa = PBXBuildFile; fileRef = 8344C87B1C7A64CD00528CC4 /* PMRPartyMakerNotification.m */; };
		83E217CA1C6220E000C8BF08 /* main.m in Sources */ = {isa = PBXBuildFile; fileRef = 83E217C91C6220E000C8BF08 /* main.m */; };
		83E217CD1C6220E000C8BF08 /* PMRAppDelegate.m in Sources */ = {isa = PBXBuildFile; fileRef = 83E217CC1C6220E000C8BF08 /* PMRAppDelegate.m */; };
		83E217D51C6220E000C8BF08 /* Assets.xcassets in Resources */ = {isa = PBXBuildFile; fileRef = 83E217D41C6220E000C8BF08 /* Assets.xcassets */; };
		83E217D81C6220E000C8BF08 /* LaunchScreen.storyboard in Resources */ = {isa = PBXBuildFile; fileRef = 83E217D61C6220E000C8BF08 /* LaunchScreen.storyboard */; };
		83E217EA1C62286900C8BF08 /* PMRPartiesViewController.m in Sources */ = {isa = PBXBuildFile; fileRef = 83E217E91C62286900C8BF08 /* PMRPartiesViewController.m */; };
		83E74DEE1C6355E400B0D255 /* MyriadProBold.ttf in Resources */ = {isa = PBXBuildFile; fileRef = 83E74DEC1C6355E400B0D255 /* MyriadProBold.ttf */; };
		83E74DEF1C6355E400B0D255 /* MyriadProRegular.ttf in Resources */ = {isa = PBXBuildFile; fileRef = 83E74DED1C6355E400B0D255 /* MyriadProRegular.ttf */; };
		83F7E9CE1C68B91D00243A5F /* PMRAddEventViewController.m in Sources */ = {isa = PBXBuildFile; fileRef = 83F7E9CC1C68B91D00243A5F /* PMRAddEventViewController.m */; };
		83F7E9D21C6A6FD000243A5F /* PMRCoreData.m in Sources */ = {isa = PBXBuildFile; fileRef = 83F7E9D11C6A6FD000243A5F /* PMRCoreData.m */; };
		83F7E9FE1C6CBD8000243A5F /* PMRTableViewCell.m in Sources */ = {isa = PBXBuildFile; fileRef = 83F7E9FD1C6CBD8000243A5F /* PMRTableViewCell.m */; };
		83F7EA011C6CCBF000243A5F /* NSDate+Utility.m in Sources */ = {isa = PBXBuildFile; fileRef = 83F7EA001C6CCBF000243A5F /* NSDate+Utility.m */; };
/* End PBXBuildFile section */

/* Begin PBXFileReference section */
		4F338279C449E153065A3229 /* libPods-PartyMaker.a */ = {isa = PBXFileReference; explicitFileType = archive.ar; includeInIndex = 0; path = "libPods-PartyMaker.a"; sourceTree = BUILT_PRODUCTS_DIR; };
		540424E91C667445002F77B9 /* Parties.plist */ = {isa = PBXFileReference; fileEncoding = 4; lastKnownFileType = text.plist.xml; path = Parties.plist; sourceTree = "<group>"; };
		83267E581C6DCF1600CC0DC1 /* PMRPartyInfoViewController.h */ = {isa = PBXFileReference; fileEncoding = 4; lastKnownFileType = sourcecode.c.h; path = PMRPartyInfoViewController.h; sourceTree = "<group>"; };
		83267E591C6DCF1600CC0DC1 /* PMRPartyInfoViewController.m */ = {isa = PBXFileReference; fileEncoding = 4; lastKnownFileType = sourcecode.c.objc; path = PMRPartyInfoViewController.m; sourceTree = "<group>"; };
		83267E5B1C6DD36C00CC0DC1 /* PMRGuid.h */ = {isa = PBXFileReference; fileEncoding = 4; lastKnownFileType = sourcecode.c.h; path = PMRGuid.h; sourceTree = "<group>"; };
		83267E5C1C6DD36C00CC0DC1 /* PMRGuid.m */ = {isa = PBXFileReference; fileEncoding = 4; lastKnownFileType = sourcecode.c.objc; path = PMRGuid.m; sourceTree = "<group>"; };
		83267E5E1C6E0AD000CC0DC1 /* MyriadProItalic.ttf */ = {isa = PBXFileReference; lastKnownFileType = file; path = MyriadProItalic.ttf; sourceTree = "<group>"; };
		8344C7ED1C70107D00528CC4 /* UIImage+Utility.h */ = {isa = PBXFileReference; fileEncoding = 4; lastKnownFileType = sourcecode.c.h; path = "UIImage+Utility.h"; sourceTree = "<group>"; };
		8344C7EE1C70107D00528CC4 /* UIImage+Utility.m */ = {isa = PBXFileReference; fileEncoding = 4; lastKnownFileType = sourcecode.c.objc; path = "UIImage+Utility.m"; sourceTree = "<group>"; };
		8344C7F11C71FA3900528CC4 /* PMRLoginViewController.h */ = {isa = PBXFileReference; fileEncoding = 4; lastKnownFileType = sourcecode.c.h; path = PMRLoginViewController.h; sourceTree = "<group>"; };
		8344C7F21C71FA3900528CC4 /* PMRLoginViewController.m */ = {isa = PBXFileReference; fileEncoding = 4; lastKnownFileType = sourcecode.c.objc; path = PMRLoginViewController.m; sourceTree = "<group>"; };
		8344C7F51C72138600528CC4 /* Base */ = {isa = PBXFileReference; lastKnownFileType = file.storyboard; name = Base; path = Base.lproj/Main.storyboard; sourceTree = "<group>"; };
		8344C7F81C724EB800528CC4 /* PMRTextField.h */ = {isa = PBXFileReference; fileEncoding = 4; lastKnownFileType = sourcecode.c.h; path = PMRTextField.h; sourceTree = "<group>"; };
		8344C7F91C724EB800528CC4 /* PMRTextField.m */ = {isa = PBXFileReference; fileEncoding = 4; lastKnownFileType = sourcecode.c.objc; path = PMRTextField.m; sourceTree = "<group>"; };
		8344C7FE1C73310F00528CC4 /* PMRNetworkSDK.h */ = {isa = PBXFileReference; fileEncoding = 4; lastKnownFileType = sourcecode.c.h; path = PMRNetworkSDK.h; sourceTree = "<group>"; };
		8344C7FF1C73310F00528CC4 /* PMRNetworkSDK.m */ = {isa = PBXFileReference; fileEncoding = 4; lastKnownFileType = sourcecode.c.objc; path = PMRNetworkSDK.m; sourceTree = "<group>"; };
		8344C8021C74870000528CC4 /* PMRDataModel.xcdatamodel */ = {isa = PBXFileReference; lastKnownFileType = wrapper.xcdatamodel; path = PMRDataModel.xcdatamodel; sourceTree = "<group>"; };
		8344C8381C75AA6C00528CC4 /* PMRApiController.h */ = {isa = PBXFileReference; fileEncoding = 4; lastKnownFileType = sourcecode.c.h; path = PMRApiController.h; sourceTree = "<group>"; };
		8344C8391C75AA6C00528CC4 /* PMRApiController.m */ = {isa = PBXFileReference; fileEncoding = 4; lastKnownFileType = sourcecode.c.objc; path = PMRApiController.m; sourceTree = "<group>"; };
		8344C86B1C76AB1F00528CC4 /* PMRParty+CoreDataProperties.h */ = {isa = PBXFileReference; fileEncoding = 4; lastKnownFileType = sourcecode.c.h; path = "PMRParty+CoreDataProperties.h"; sourceTree = "<group>"; };
		8344C86C1C76AB1F00528CC4 /* PMRParty+CoreDataProperties.m */ = {isa = PBXFileReference; fileEncoding = 4; lastKnownFileType = sourcecode.c.objc; path = "PMRParty+CoreDataProperties.m"; sourceTree = "<group>"; };
		8344C86D1C76AB1F00528CC4 /* PMRParty.h */ = {isa = PBXFileReference; fileEncoding = 4; lastKnownFileType = sourcecode.c.h; path = PMRParty.h; sourceTree = "<group>"; };
		8344C86E1C76AB1F00528CC4 /* PMRParty.m */ = {isa = PBXFileReference; fileEncoding = 4; lastKnownFileType = sourcecode.c.objc; path = PMRParty.m; sourceTree = "<group>"; };
		8344C86F1C76AB1F00528CC4 /* PMRUser+CoreDataProperties.h */ = {isa = PBXFileReference; fileEncoding = 4; lastKnownFileType = sourcecode.c.h; path = "PMRUser+CoreDataProperties.h"; sourceTree = "<group>"; };
		8344C8701C76AB1F00528CC4 /* PMRUser+CoreDataProperties.m */ = {isa = PBXFileReference; fileEncoding = 4; lastKnownFileType = sourcecode.c.objc; path = "PMRUser+CoreDataProperties.m"; sourceTree = "<group>"; };
		8344C8711C76AB1F00528CC4 /* PMRUser.h */ = {isa = PBXFileReference; fileEncoding = 4; lastKnownFileType = sourcecode.c.h; path = PMRUser.h; sourceTree = "<group>"; };
		8344C8721C76AB1F00528CC4 /* PMRUser.m */ = {isa = PBXFileReference; fileEncoding = 4; lastKnownFileType = sourcecode.c.objc; path = PMRUser.m; sourceTree = "<group>"; };
		8344C8771C78F81300528CC4 /* PMRRegisterViewController.h */ = {isa = PBXFileReference; fileEncoding = 4; lastKnownFileType = sourcecode.c.h; path = PMRRegisterViewController.h; sourceTree = "<group>"; };
		8344C8781C78F81300528CC4 /* PMRRegisterViewController.m */ = {isa = PBXFileReference; fileEncoding = 4; lastKnownFileType = sourcecode.c.objc; path = PMRRegisterViewController.m; sourceTree = "<group>"; };
		8344C87A1C7A64CD00528CC4 /* PMRPartyMakerNotification.h */ = {isa = PBXFileReference; fileEncoding = 4; lastKnownFileType = sourcecode.c.h; path = PMRPartyMakerNotification.h; sourceTree = "<group>"; };
		8344C87B1C7A64CD00528CC4 /* PMRPartyMakerNotification.m */ = {isa = PBXFileReference; fileEncoding = 4; lastKnownFileType = sourcecode.c.objc; path = PMRPartyMakerNotification.m; sourceTree = "<group>"; };
		83E217C51C6220E000C8BF08 /* PartyMaker.app */ = {isa = PBXFileReference; explicitFileType = wrapper.application; includeInIndex = 0; path = PartyMaker.app; sourceTree = BUILT_PRODUCTS_DIR; };
		83E217C91C6220E000C8BF08 /* main.m */ = {isa = PBXFileReference; lastKnownFileType = sourcecode.c.objc; path = main.m; sourceTree = "<group>"; };
		83E217CB1C6220E000C8BF08 /* PMRAppDelegate.h */ = {isa = PBXFileReference; lastKnownFileType = sourcecode.c.h; path = PMRAppDelegate.h; sourceTree = "<group>"; };
		83E217CC1C6220E000C8BF08 /* PMRAppDelegate.m */ = {isa = PBXFileReference; lastKnownFileType = sourcecode.c.objc; path = PMRAppDelegate.m; sourceTree = "<group>"; };
		83E217D41C6220E000C8BF08 /* Assets.xcassets */ = {isa = PBXFileReference; lastKnownFileType = folder.assetcatalog; path = Assets.xcassets; sourceTree = "<group>"; };
		83E217D71C6220E000C8BF08 /* Base */ = {isa = PBXFileReference; lastKnownFileType = file.storyboard; name = Base; path = Base.lproj/LaunchScreen.storyboard; sourceTree = "<group>"; };
		83E217D91C6220E000C8BF08 /* Info.plist */ = {isa = PBXFileReference; lastKnownFileType = text.plist.xml; path = Info.plist; sourceTree = "<group>"; };
		83E217E81C62286900C8BF08 /* PMRPartiesViewController.h */ = {isa = PBXFileReference; fileEncoding = 4; lastKnownFileType = sourcecode.c.h; path = PMRPartiesViewController.h; sourceTree = "<group>"; };
		83E217E91C62286900C8BF08 /* PMRPartiesViewController.m */ = {isa = PBXFileReference; fileEncoding = 4; lastKnownFileType = sourcecode.c.objc; path = PMRPartiesViewController.m; sourceTree = "<group>"; };
		83E74DEC1C6355E400B0D255 /* MyriadProBold.ttf */ = {isa = PBXFileReference; lastKnownFileType = file; path = MyriadProBold.ttf; sourceTree = "<group>"; };
		83E74DED1C6355E400B0D255 /* MyriadProRegular.ttf */ = {isa = PBXFileReference; lastKnownFileType = file; path = MyriadProRegular.ttf; sourceTree = "<group>"; };
		83F7E9CB1C68B91D00243A5F /* PMRAddEventViewController.h */ = {isa = PBXFileReference; fileEncoding = 4; lastKnownFileType = sourcecode.c.h; path = PMRAddEventViewController.h; sourceTree = "<group>"; };
		83F7E9CC1C68B91D00243A5F /* PMRAddEventViewController.m */ = {isa = PBXFileReference; fileEncoding = 4; lastKnownFileType = sourcecode.c.objc; path = PMRAddEventViewController.m; sourceTree = "<group>"; };
		83F7E9D01C6A6FD000243A5F /* PMRCoreData.h */ = {isa = PBXFileReference; fileEncoding = 4; lastKnownFileType = sourcecode.c.h; path = PMRCoreData.h; sourceTree = "<group>"; };
		83F7E9D11C6A6FD000243A5F /* PMRCoreData.m */ = {isa = PBXFileReference; fileEncoding = 4; lastKnownFileType = sourcecode.c.objc; path = PMRCoreData.m; sourceTree = "<group>"; };
		83F7E9FC1C6CBD8000243A5F /* PMRTableViewCell.h */ = {isa = PBXFileReference; fileEncoding = 4; lastKnownFileType = sourcecode.c.h; path = PMRTableViewCell.h; sourceTree = "<group>"; };
		83F7E9FD1C6CBD8000243A5F /* PMRTableViewCell.m */ = {isa = PBXFileReference; fileEncoding = 4; lastKnownFileType = sourcecode.c.objc; path = PMRTableViewCell.m; sourceTree = "<group>"; };
		83F7E9FF1C6CCBF000243A5F /* NSDate+Utility.h */ = {isa = PBXFileReference; fileEncoding = 4; lastKnownFileType = sourcecode.c.h; path = "NSDate+Utility.h"; sourceTree = "<group>"; };
		83F7EA001C6CCBF000243A5F /* NSDate+Utility.m */ = {isa = PBXFileReference; fileEncoding = 4; lastKnownFileType = sourcecode.c.objc; path = "NSDate+Utility.m"; sourceTree = "<group>"; };
		B78338EB8851CA162365DA7F /* Pods-PartyMaker.release.xcconfig */ = {isa = PBXFileReference; includeInIndex = 1; lastKnownFileType = text.xcconfig; name = "Pods-PartyMaker.release.xcconfig"; path = "Pods/Target Support Files/Pods-PartyMaker/Pods-PartyMaker.release.xcconfig"; sourceTree = "<group>"; };
		E50A315556D69D74D79F7926 /* Pods-PartyMaker.debug.xcconfig */ = {isa = PBXFileReference; includeInIndex = 1; lastKnownFileType = text.xcconfig; name = "Pods-PartyMaker.debug.xcconfig"; path = "Pods/Target Support Files/Pods-PartyMaker/Pods-PartyMaker.debug.xcconfig"; sourceTree = "<group>"; };
/* End PBXFileReference section */

/* Begin PBXFrameworksBuildPhase section */
		83E217C21C6220E000C8BF08 /* Frameworks */ = {
			isa = PBXFrameworksBuildPhase;
			buildActionMask = 2147483647;
			files = (
				7623C51180E0CF0363B8976D /* libPods-PartyMaker.a in Frameworks */,
			);
			runOnlyForDeploymentPostprocessing = 0;
		};
/* End PBXFrameworksBuildPhase section */

/* Begin PBXGroup section */
		2C4C4ADE22DCC9D0AFB067D8 /* Pods */ = {
			isa = PBXGroup;
			children = (
				E50A315556D69D74D79F7926 /* Pods-PartyMaker.debug.xcconfig */,
				B78338EB8851CA162365DA7F /* Pods-PartyMaker.release.xcconfig */,
			);
			name = Pods;
			sourceTree = "<group>";
		};
		38BCAE36DD120C4BE1A5ABED /* Frameworks */ = {
			isa = PBXGroup;
			children = (
				4F338279C449E153065A3229 /* libPods-PartyMaker.a */,
			);
			name = Frameworks;
			sourceTree = "<group>";
		};
		540424EB1C6693D9002F77B9 /* Model */ = {
			isa = PBXGroup;
			children = (
				8344C8041C748FDD00528CC4 /* CoreData */,
				8344C7FE1C73310F00528CC4 /* PMRNetworkSDK.h */,
				8344C7FF1C73310F00528CC4 /* PMRNetworkSDK.m */,
				8344C8381C75AA6C00528CC4 /* PMRApiController.h */,
				8344C8391C75AA6C00528CC4 /* PMRApiController.m */,
				8344C87A1C7A64CD00528CC4 /* PMRPartyMakerNotification.h */,
				8344C87B1C7A64CD00528CC4 /* PMRPartyMakerNotification.m */,
			);
			name = Model;
			sourceTree = "<group>";
		};
		540424EC1C6693E2002F77B9 /* ViewControllers */ = {
			isa = PBXGroup;
			children = (
				8344C7F71C724E7900528CC4 /* UIViewControls */,
				83E217E81C62286900C8BF08 /* PMRPartiesViewController.h */,
				83E217E91C62286900C8BF08 /* PMRPartiesViewController.m */,
				83F7E9CB1C68B91D00243A5F /* PMRAddEventViewController.h */,
				83F7E9CC1C68B91D00243A5F /* PMRAddEventViewController.m */,
				83F7E9FC1C6CBD8000243A5F /* PMRTableViewCell.h */,
				83F7E9FD1C6CBD8000243A5F /* PMRTableViewCell.m */,
				83267E581C6DCF1600CC0DC1 /* PMRPartyInfoViewController.h */,
				83267E591C6DCF1600CC0DC1 /* PMRPartyInfoViewController.m */,
				8344C7F11C71FA3900528CC4 /* PMRLoginViewController.h */,
				8344C7F21C71FA3900528CC4 /* PMRLoginViewController.m */,
				8344C8771C78F81300528CC4 /* PMRRegisterViewController.h */,
				8344C8781C78F81300528CC4 /* PMRRegisterViewController.m */,
			);
			name = ViewControllers;
			sourceTree = "<group>";
		};
		540424ED1C66942E002F77B9 /* Storyboards */ = {
			isa = PBXGroup;
			children = (
				8344C7F41C72138600528CC4 /* Main.storyboard */,
				83E217D61C6220E000C8BF08 /* LaunchScreen.storyboard */,
			);
			name = Storyboards;
			sourceTree = "<group>";
		};
		8344C7F01C70CA4C00528CC4 /* Categories */ = {
			isa = PBXGroup;
			children = (
				83F7E9FF1C6CCBF000243A5F /* NSDate+Utility.h */,
				83F7EA001C6CCBF000243A5F /* NSDate+Utility.m */,
				8344C7ED1C70107D00528CC4 /* UIImage+Utility.h */,
				8344C7EE1C70107D00528CC4 /* UIImage+Utility.m */,
			);
			name = Categories;
			sourceTree = "<group>";
		};
		8344C7F71C724E7900528CC4 /* UIViewControls */ = {
			isa = PBXGroup;
			children = (
				8344C7F81C724EB800528CC4 /* PMRTextField.h */,
				8344C7F91C724EB800528CC4 /* PMRTextField.m */,
			);
			name = UIViewControls;
			sourceTree = "<group>";
		};
		8344C8041C748FDD00528CC4 /* CoreData */ = {
			isa = PBXGroup;
			children = (
				8344C8011C74870000528CC4 /* PMRDataModel.xcdatamodeld */,
				83F7E9D01C6A6FD000243A5F /* PMRCoreData.h */,
				83F7E9D11C6A6FD000243A5F /* PMRCoreData.m */,
				8344C8641C76131A00528CC4 /* CoreDataModel */,
			);
			name = CoreData;
			sourceTree = "<group>";
		};
		8344C8641C76131A00528CC4 /* CoreDataModel */ = {
			isa = PBXGroup;
			children = (
				8344C86B1C76AB1F00528CC4 /* PMRParty+CoreDataProperties.h */,
				8344C86C1C76AB1F00528CC4 /* PMRParty+CoreDataProperties.m */,
				8344C86D1C76AB1F00528CC4 /* PMRParty.h */,
				8344C86E1C76AB1F00528CC4 /* PMRParty.m */,
				8344C86F1C76AB1F00528CC4 /* PMRUser+CoreDataProperties.h */,
				8344C8701C76AB1F00528CC4 /* PMRUser+CoreDataProperties.m */,
				8344C8711C76AB1F00528CC4 /* PMRUser.h */,
				8344C8721C76AB1F00528CC4 /* PMRUser.m */,
			);
			name = CoreDataModel;
			sourceTree = "<group>";
		};
		83E217BC1C6220E000C8BF08 = {
			isa = PBXGroup;
			children = (
				83E217C71C6220E000C8BF08 /* PartyMaker */,
				83E217C61C6220E000C8BF08 /* Products */,
				2C4C4ADE22DCC9D0AFB067D8 /* Pods */,
				38BCAE36DD120C4BE1A5ABED /* Frameworks */,
			);
			sourceTree = "<group>";
		};
		83E217C61C6220E000C8BF08 /* Products */ = {
			isa = PBXGroup;
			children = (
				83E217C51C6220E000C8BF08 /* PartyMaker.app */,
			);
			name = Products;
			sourceTree = "<group>";
		};
		83E217C71C6220E000C8BF08 /* PartyMaker */ = {
			isa = PBXGroup;
			children = (
				8344C7F01C70CA4C00528CC4 /* Categories */,
				540424EB1C6693D9002F77B9 /* Model */,
				83E74DEB1C63508D00B0D255 /* Fonts */,
				540424ED1C66942E002F77B9 /* Storyboards */,
				540424EC1C6693E2002F77B9 /* ViewControllers */,
				83E217CB1C6220E000C8BF08 /* PMRAppDelegate.h */,
				83E217CC1C6220E000C8BF08 /* PMRAppDelegate.m */,
				83E217D41C6220E000C8BF08 /* Assets.xcassets */,
				83E217D91C6220E000C8BF08 /* Info.plist */,
				83E217C81C6220E000C8BF08 /* Supporting Files */,
				540424E91C667445002F77B9 /* Parties.plist */,
				83267E5B1C6DD36C00CC0DC1 /* PMRGuid.h */,
				83267E5C1C6DD36C00CC0DC1 /* PMRGuid.m */,
			);
			path = PartyMaker;
			sourceTree = "<group>";
		};
		83E217C81C6220E000C8BF08 /* Supporting Files */ = {
			isa = PBXGroup;
			children = (
				83E217C91C6220E000C8BF08 /* main.m */,
			);
			name = "Supporting Files";
			sourceTree = "<group>";
		};
		83E74DEB1C63508D00B0D255 /* Fonts */ = {
			isa = PBXGroup;
			children = (
				83E74DEC1C6355E400B0D255 /* MyriadProBold.ttf */,
				83E74DED1C6355E400B0D255 /* MyriadProRegular.ttf */,
				83267E5E1C6E0AD000CC0DC1 /* MyriadProItalic.ttf */,
			);
			name = Fonts;
			sourceTree = "<group>";
		};
/* End PBXGroup section */

/* Begin PBXNativeTarget section */
		83E217C41C6220E000C8BF08 /* PartyMaker */ = {
			isa = PBXNativeTarget;
			buildConfigurationList = 83E217DC1C6220E000C8BF08 /* Build configuration list for PBXNativeTarget "PartyMaker" */;
			buildPhases = (
				CE276F0A183BC942EA48AA2E /* Check Pods Manifest.lock */,
				83E217C11C6220E000C8BF08 /* Sources */,
				83E217C21C6220E000C8BF08 /* Frameworks */,
				83E217C31C6220E000C8BF08 /* Resources */,
				796C3886CDE6FCFFA41E2952 /* Embed Pods Frameworks */,
				385C893D6C0FD864E137A760 /* Copy Pods Resources */,
			);
			buildRules = (
			);
			dependencies = (
			);
			name = PartyMaker;
			productName = PartyMaker;
			productReference = 83E217C51C6220E000C8BF08 /* PartyMaker.app */;
			productType = "com.apple.product-type.application";
		};
/* End PBXNativeTarget section */

/* Begin PBXProject section */
		83E217BD1C6220E000C8BF08 /* Project object */ = {
			isa = PBXProject;
			attributes = {
				KnownAssetTags = (
					chooseDate,
				);
				LastUpgradeCheck = 0720;
				ORGANIZATIONNAME = "Maksim Stecenko";
				TargetAttributes = {
					83E217C41C6220E000C8BF08 = {
						CreatedOnToolsVersion = 7.2;
					};
				};
			};
			buildConfigurationList = 83E217C01C6220E000C8BF08 /* Build configuration list for PBXProject "PartyMaker" */;
			compatibilityVersion = "Xcode 3.2";
			developmentRegion = English;
			hasScannedForEncodings = 0;
			knownRegions = (
				en,
				Base,
			);
			mainGroup = 83E217BC1C6220E000C8BF08;
			productRefGroup = 83E217C61C6220E000C8BF08 /* Products */;
			projectDirPath = "";
			projectRoot = "";
			targets = (
				83E217C41C6220E000C8BF08 /* PartyMaker */,
			);
		};
/* End PBXProject section */

/* Begin PBXResourcesBuildPhase section */
		83E217C31C6220E000C8BF08 /* Resources */ = {
			isa = PBXResourcesBuildPhase;
			buildActionMask = 2147483647;
			files = (
				83E217D81C6220E000C8BF08 /* LaunchScreen.storyboard in Resources */,
				83E74DEE1C6355E400B0D255 /* MyriadProBold.ttf in Resources */,
				83E217D51C6220E000C8BF08 /* Assets.xcassets in Resources */,
				8344C7F61C72138600528CC4 /* Main.storyboard in Resources */,
				83267E5F1C6E0AD000CC0DC1 /* MyriadProItalic.ttf in Resources */,
				83E74DEF1C6355E400B0D255 /* MyriadProRegular.ttf in Resources */,
				540424EA1C667445002F77B9 /* Parties.plist in Resources */,
			);
			runOnlyForDeploymentPostprocessing = 0;
		};
/* End PBXResourcesBuildPhase section */

/* Begin PBXShellScriptBuildPhase section */
		385C893D6C0FD864E137A760 /* Copy Pods Resources */ = {
			isa = PBXShellScriptBuildPhase;
			buildActionMask = 2147483647;
			files = (
			);
			inputPaths = (
			);
			name = "Copy Pods Resources";
			outputPaths = (
			);
			runOnlyForDeploymentPostprocessing = 0;
			shellPath = /bin/sh;
			shellScript = "\"${SRCROOT}/Pods/Target Support Files/Pods-PartyMaker/Pods-PartyMaker-resources.sh\"\n";
			showEnvVarsInLog = 0;
		};
		796C3886CDE6FCFFA41E2952 /* Embed Pods Frameworks */ = {
			isa = PBXShellScriptBuildPhase;
			buildActionMask = 2147483647;
			files = (
			);
			inputPaths = (
			);
			name = "Embed Pods Frameworks";
			outputPaths = (
			);
			runOnlyForDeploymentPostprocessing = 0;
			shellPath = /bin/sh;
			shellScript = "\"${SRCROOT}/Pods/Target Support Files/Pods-PartyMaker/Pods-PartyMaker-frameworks.sh\"\n";
			showEnvVarsInLog = 0;
		};
		CE276F0A183BC942EA48AA2E /* Check Pods Manifest.lock */ = {
			isa = PBXShellScriptBuildPhase;
			buildActionMask = 2147483647;
			files = (
			);
			inputPaths = (
			);
			name = "Check Pods Manifest.lock";
			outputPaths = (
			);
			runOnlyForDeploymentPostprocessing = 0;
			shellPath = /bin/sh;
			shellScript = "diff \"${PODS_ROOT}/../Podfile.lock\" \"${PODS_ROOT}/Manifest.lock\" > /dev/null\nif [[ $? != 0 ]] ; then\n    cat << EOM\nerror: The sandbox is not in sync with the Podfile.lock. Run 'pod install' or update your CocoaPods installation.\nEOM\n    exit 1\nfi\n";
			showEnvVarsInLog = 0;
		};
/* End PBXShellScriptBuildPhase section */

/* Begin PBXSourcesBuildPhase section */
		83E217C11C6220E000C8BF08 /* Sources */ = {
			isa = PBXSourcesBuildPhase;
			buildActionMask = 2147483647;
			files = (
				8344C8761C76AB1F00528CC4 /* PMRUser.m in Sources */,
				83F7E9CE1C68B91D00243A5F /* PMRAddEventViewController.m in Sources */,
				83F7E9D21C6A6FD000243A5F /* PMRCoreData.m in Sources */,
				8344C87C1C7A64CD00528CC4 /* PMRPartyMakerNotification.m in Sources */,
				8344C8731C76AB1F00528CC4 /* PMRParty+CoreDataProperties.m in Sources */,
				8344C8741C76AB1F00528CC4 /* PMRParty.m in Sources */,
				8344C8791C78F81300528CC4 /* PMRRegisterViewController.m in Sources */,
				8344C8751C76AB1F00528CC4 /* PMRUser+CoreDataProperties.m in Sources */,
				83E217CD1C6220E000C8BF08 /* PMRAppDelegate.m in Sources */,
				83267E5D1C6DD36C00CC0DC1 /* PMRGuid.m in Sources */,
				83F7E9FE1C6CBD8000243A5F /* PMRTableViewCell.m in Sources */,
				83267E5A1C6DCF1600CC0DC1 /* PMRPartyInfoViewController.m in Sources */,
				83F7EA011C6CCBF000243A5F /* NSDate+Utility.m in Sources */,
				83E217CA1C6220E000C8BF08 /* main.m in Sources */,
				8344C7EF1C70107D00528CC4 /* UIImage+Utility.m in Sources */,
				8344C83A1C75AA6C00528CC4 /* PMRApiController.m in Sources */,
				8344C8031C74870000528CC4 /* PMRDataModel.xcdatamodeld in Sources */,
				8344C7F31C71FA3900528CC4 /* PMRLoginViewController.m in Sources */,
				8344C7FA1C724EB800528CC4 /* PMRTextField.m in Sources */,
				8344C8001C73310F00528CC4 /* PMRNetworkSDK.m in Sources */,
				83E217EA1C62286900C8BF08 /* PMRPartiesViewController.m in Sources */,
			);
			runOnlyForDeploymentPostprocessing = 0;
		};
/* End PBXSourcesBuildPhase section */

/* Begin PBXVariantGroup section */
		8344C7F41C72138600528CC4 /* Main.storyboard */ = {
			isa = PBXVariantGroup;
			children = (
				8344C7F51C72138600528CC4 /* Base */,
			);
			name = Main.storyboard;
			sourceTree = "<group>";
		};
		83E217D61C6220E000C8BF08 /* LaunchScreen.storyboard */ = {
			isa = PBXVariantGroup;
			children = (
				83E217D71C6220E000C8BF08 /* Base */,
			);
			name = LaunchScreen.storyboard;
			sourceTree = "<group>";
		};
/* End PBXVariantGroup section */

/* Begin XCBuildConfiguration section */
		83E217DA1C6220E000C8BF08 /* Debug */ = {
			isa = XCBuildConfiguration;
			buildSettings = {
				ALWAYS_SEARCH_USER_PATHS = NO;
				CLANG_CXX_LANGUAGE_STANDARD = "gnu++0x";
				CLANG_CXX_LIBRARY = "libc++";
				CLANG_ENABLE_MODULES = YES;
				CLANG_ENABLE_OBJC_ARC = YES;
				CLANG_WARN_BOOL_CONVERSION = YES;
				CLANG_WARN_CONSTANT_CONVERSION = YES;
				CLANG_WARN_DIRECT_OBJC_ISA_USAGE = YES_ERROR;
				CLANG_WARN_EMPTY_BODY = YES;
				CLANG_WARN_ENUM_CONVERSION = YES;
				CLANG_WARN_INT_CONVERSION = YES;
				CLANG_WARN_OBJC_ROOT_CLASS = YES_ERROR;
				CLANG_WARN_UNREACHABLE_CODE = YES;
				CLANG_WARN__DUPLICATE_METHOD_MATCH = YES;
				"CODE_SIGN_IDENTITY[sdk=iphoneos*]" = "iPhone Developer";
				COPY_PHASE_STRIP = NO;
				DEBUG_INFORMATION_FORMAT = dwarf;
				ENABLE_STRICT_OBJC_MSGSEND = YES;
				ENABLE_TESTABILITY = YES;
				GCC_C_LANGUAGE_STANDARD = gnu99;
				GCC_DYNAMIC_NO_PIC = NO;
				GCC_NO_COMMON_BLOCKS = YES;
				GCC_OPTIMIZATION_LEVEL = 0;
				GCC_PREPROCESSOR_DEFINITIONS = (
					"DEBUG=1",
					"$(inherited)",
				);
				GCC_WARN_64_TO_32_BIT_CONVERSION = YES;
				GCC_WARN_ABOUT_RETURN_TYPE = YES_ERROR;
				GCC_WARN_UNDECLARED_SELECTOR = YES;
				GCC_WARN_UNINITIALIZED_AUTOS = YES_AGGRESSIVE;
				GCC_WARN_UNUSED_FUNCTION = YES;
				GCC_WARN_UNUSED_VARIABLE = YES;
				IPHONEOS_DEPLOYMENT_TARGET = 9.2;
				MTL_ENABLE_DEBUG_INFO = YES;
				ONLY_ACTIVE_ARCH = YES;
				SDKROOT = iphoneos;
			};
			name = Debug;
		};
		83E217DB1C6220E000C8BF08 /* Release */ = {
			isa = XCBuildConfiguration;
			buildSettings = {
				ALWAYS_SEARCH_USER_PATHS = NO;
				CLANG_CXX_LANGUAGE_STANDARD = "gnu++0x";
				CLANG_CXX_LIBRARY = "libc++";
				CLANG_ENABLE_MODULES = YES;
				CLANG_ENABLE_OBJC_ARC = YES;
				CLANG_WARN_BOOL_CONVERSION = YES;
				CLANG_WARN_CONSTANT_CONVERSION = YES;
				CLANG_WARN_DIRECT_OBJC_ISA_USAGE = YES_ERROR;
				CLANG_WARN_EMPTY_BODY = YES;
				CLANG_WARN_ENUM_CONVERSION = YES;
				CLANG_WARN_INT_CONVERSION = YES;
				CLANG_WARN_OBJC_ROOT_CLASS = YES_ERROR;
				CLANG_WARN_UNREACHABLE_CODE = YES;
				CLANG_WARN__DUPLICATE_METHOD_MATCH = YES;
				"CODE_SIGN_IDENTITY[sdk=iphoneos*]" = "iPhone Developer";
				COPY_PHASE_STRIP = NO;
				DEBUG_INFORMATION_FORMAT = "dwarf-with-dsym";
				ENABLE_NS_ASSERTIONS = NO;
				ENABLE_STRICT_OBJC_MSGSEND = YES;
				GCC_C_LANGUAGE_STANDARD = gnu99;
				GCC_NO_COMMON_BLOCKS = YES;
				GCC_WARN_64_TO_32_BIT_CONVERSION = YES;
				GCC_WARN_ABOUT_RETURN_TYPE = YES_ERROR;
				GCC_WARN_UNDECLARED_SELECTOR = YES;
				GCC_WARN_UNINITIALIZED_AUTOS = YES_AGGRESSIVE;
				GCC_WARN_UNUSED_FUNCTION = YES;
				GCC_WARN_UNUSED_VARIABLE = YES;
				IPHONEOS_DEPLOYMENT_TARGET = 9.2;
				MTL_ENABLE_DEBUG_INFO = NO;
				SDKROOT = iphoneos;
				VALIDATE_PRODUCT = YES;
			};
			name = Release;
		};
		83E217DD1C6220E000C8BF08 /* Debug */ = {
			isa = XCBuildConfiguration;
			baseConfigurationReference = E50A315556D69D74D79F7926 /* Pods-PartyMaker.debug.xcconfig */;
			buildSettings = {
				ASSETCATALOG_COMPILER_APPICON_NAME = AppIcon;
				INFOPLIST_FILE = PartyMaker/Info.plist;
				LD_RUNPATH_SEARCH_PATHS = "$(inherited) @executable_path/Frameworks";
				PRODUCT_BUNDLE_IDENTIFIER = "-23.PartyMaker";
				PRODUCT_NAME = "$(TARGET_NAME)";
				TARGETED_DEVICE_FAMILY = 1;
			};
			name = Debug;
		};
		83E217DE1C6220E000C8BF08 /* Release */ = {
			isa = XCBuildConfiguration;
			baseConfigurationReference = B78338EB8851CA162365DA7F /* Pods-PartyMaker.release.xcconfig */;
			buildSettings = {
				ASSETCATALOG_COMPILER_APPICON_NAME = AppIcon;
				INFOPLIST_FILE = PartyMaker/Info.plist;
				LD_RUNPATH_SEARCH_PATHS = "$(inherited) @executable_path/Frameworks";
				PRODUCT_BUNDLE_IDENTIFIER = "-23.PartyMaker";
				PRODUCT_NAME = "$(TARGET_NAME)";
				TARGETED_DEVICE_FAMILY = 1;
			};
			name = Release;
		};
/* End XCBuildConfiguration section */

/* Begin XCConfigurationList section */
		83E217C01C6220E000C8BF08 /* Build configuration list for PBXProject "PartyMaker" */ = {
			isa = XCConfigurationList;
			buildConfigurations = (
				83E217DA1C6220E000C8BF08 /* Debug */,
				83E217DB1C6220E000C8BF08 /* Release */,
			);
			defaultConfigurationIsVisible = 0;
			defaultConfigurationName = Release;
		};
		83E217DC1C6220E000C8BF08 /* Build configuration list for PBXNativeTarget "PartyMaker" */ = {
			isa = XCConfigurationList;
			buildConfigurations = (
				83E217DD1C6220E000C8BF08 /* Debug */,
				83E217DE1C6220E000C8BF08 /* Release */,
			);
			defaultConfigurationIsVisible = 0;
			defaultConfigurationName = Release;
		};
/* End XCConfigurationList section */

/* Begin XCVersionGroup section */
		8344C8011C74870000528CC4 /* PMRDataModel.xcdatamodeld */ = {
			isa = XCVersionGroup;
			children = (
				8344C8021C74870000528CC4 /* PMRDataModel.xcdatamodel */,
			);
			currentVersion = 8344C8021C74870000528CC4 /* PMRDataModel.xcdatamodel */;
			path = PMRDataModel.xcdatamodeld;
			sourceTree = "<group>";
			versionGroupType = wrapper.xcdatamodel;
		};
/* End XCVersionGroup section */
	};
	rootObject = 83E217BD1C6220E000C8BF08 /* Project object */;
}
